PODS:
  - Kingfisher (5.15.8):
    - Kingfisher/Core (= 5.15.8)
  - Kingfisher/Core (5.15.8)
  - SwiftyJSON (4.3.0)

DEPENDENCIES:
  - Kingfisher (~> 5.0)
  - SwiftyJSON (~> 4.0)

SPEC REPOS:
  trunk:
    - Kingfisher
    - SwiftyJSON

SPEC CHECKSUMS:
  Kingfisher: a3c03d702433fa6cfedabb2bddbe076fb8f2e902
  SwiftyJSON: 6faa0040f8b59dead0ee07436cbf76b73c08fd08

PODFILE CHECKSUM: 8f8cdc0d9e81fe309a560dfd3d2666e2a978df5e

COCOAPODS: 1.10.0
